Microsoft Visual Studio Solution File, Format Version 12.00
# Visual Studio 15
VisualStudioVersion = 15.0.28307.1000
MinimumVisualStudioVersion = 10.0.40219.1
Project("{8BC9CEB8-8B4A-11D0-8D11-00A0C91BC942}") = "d5o", "cpp_build\dann5.ocean.vcxproj", "{81CD6486-E8A7-4221-BA2C-8A9BC76EC1F4}"
EndProject
Project("{8BC9CEB8-8B4A-11D0-8D11-00A0C91BC942}") = "cpp_test", "test\cpp\cpp_test.vcxproj", "{30798AF9-4658-4B43-B08C-4B870165970D}"
EndProject
Global
	GlobalSection(SolutionConfigurationPlatforms) = preSolution
		Debug|x64 = Debug|x64
		Debug|x86 = Debug|x86
		MinSizeRel|x64 = MinSizeRel|x64
		MinSizeRel|x86 = MinSizeRel|x86
		Release|x64 = Release|x64
		Release|x86 = Release|x86
		RelWithDebInfo|x64 = RelWithDebInfo|x64
		RelWithDebInfo|x86 = RelWithDebInfo|x86
	EndGlobalSection
	GlobalSection(ProjectConfigurationPlatforms) = postSolution
		{81CD6486-E8A7-4221-BA2C-8A9BC76EC1F4}.Debug|x64.ActiveCfg = Debug|x64
		{81CD6486-E8A7-4221-BA2C-8A9BC76EC1F4}.Debug|x64.Build.0 = Debug|x64
		{81CD6486-E8A7-4221-BA2C-8A9BC76EC1F4}.Debug|x86.ActiveCfg = Debug|x64
		{81CD6486-E8A7-4221-BA2C-8A9BC76EC1F4}.MinSizeRel|x64.ActiveCfg = MinSizeRel|x64
		{81CD6486-E8A7-4221-BA2C-8A9BC76EC1F4}.MinSizeRel|x64.Build.0 = MinSizeRel|x64
		{81CD6486-E8A7-4221-BA2C-8A9BC76EC1F4}.MinSizeRel|x86.ActiveCfg = MinSizeRel|x64
		{81CD6486-E8A7-4221-BA2C-8A9BC76EC1F4}.Release|x64.ActiveCfg = Release|x64
		{81CD6486-E8A7-4221-BA2C-8A9BC76EC1F4}.Release|x64.Build.0 = Release|x64
		{81CD6486-E8A7-4221-BA2C-8A9BC76EC1F4}.Release|x86.ActiveCfg = Release|x64
		{81CD6486-E8A7-4221-BA2C-8A9BC76EC1F4}.RelWithDebInfo|x64.ActiveCfg = RelWithDebInfo|x64
		{81CD6486-E8A7-4221-BA2C-8A9BC76EC1F4}.RelWithDebInfo|x64.Build.0 = RelWithDebInfo|x64
		{81CD6486-E8A7-4221-BA2C-8A9BC76EC1F4}.RelWithDebInfo|x86.ActiveCfg = RelWithDebInfo|x64
		{30798AF9-4658-4B43-B08C-4B870165970D}.Debug|x64.ActiveCfg = Debug|x64
		{30798AF9-4658-4B43-B08C-4B870165970D}.Debug|x64.Build.0 = Debug|x64
		{30798AF9-4658-4B43-B08C-4B870165970D}.Debug|x86.ActiveCfg = Debug|Win32
		{30798AF9-4658-4B43-B08C-4B870165970D}.Debug|x86.Build.0 = Debug|Win32
		{30798AF9-4658-4B43-B08C-4B870165970D}.MinSizeRel|x64.ActiveCfg = Release|x64
		{30798AF9-4658-4B43-B08C-4B870165970D}.MinSizeRel|x64.Build.0 = Release|x64
		{30798AF9-4658-4B43-B08C-4B870165970D}.MinSizeRel|x86.ActiveCfg = Release|Win32
		{30798AF9-4658-4B43-B08C-4B870165970D}.MinSizeRel|x86.Build.0 = Release|Win32
		{30798AF9-4658-4B43-B08C-4B870165970D}.Release|x64.ActiveCfg = Release|x64
		{30798AF9-4658-4B43-B08C-4B870165970D}.Release|x64.Build.0 = Release|x64
		{30798AF9-4658-4B43-B08C-4B870165970D}.Release|x86.ActiveCfg = Release|Win32
		{30798AF9-4658-4B43-B08C-4B870165970D}.Release|x86.Build.0 = Release|Win32
		{30798AF9-4658-4B43-B08C-4B870165970D}.RelWithDebInfo|x64.ActiveCfg = Release|x64
		{30798AF9-4658-4B43-B08C-4B870165970D}.RelWithDebInfo|x64.Build.0 = Release|x64
		{30798AF9-4658-4B43-B08C-4B870165970D}.RelWithDebInfo|x86.ActiveCfg = Release|Win32
		{30798AF9-4658-4B43-B08C-4B870165970D}.RelWithDebInfo|x86.Build.0 = Release|Win32
	EndGlobalSection
	GlobalSection(SolutionProperties) = preSolution
		HideSolutionNode = FALSE
	EndGlobalSection
	GlobalSection(ExtensibilityGlobals) = postSolution
		SolutionGuid = {CF155D08-86A1-30EE-91D3-71D93FCEADFB}
	EndGlobalSection
EndGlobal
