<?xml version="1.0" encoding="utf-8"?>
<Project ToolsVersion="4.0" xmlns="http://schemas.microsoft.com/developer/msbuild/2003">
  <ItemGroup>
    <ClCompile Include="testApp.cpp" />
    <ClCompile Include="..\..\ocean\cpp\Qubo.cpp">
      <Filter>Source Files</Filter>
    </ClCompile>
    <ClCompile Include="..\..\ocean\cpp\BQM.cpp">
      <Filter>Source Files</Filter>
    </ClCompile>
    <ClCompile Include="..\..\ocean\cpp\Qdef.cpp">
      <Filter>Source Files</Filter>
    </ClCompile>
    <ClCompile Include="..\..\ocean\cpp\Qequation.cpp">
      <Filter>Source Files</Filter>
    </ClCompile>
    <ClCompile Include="..\..\ocean\cpp\Qexpression.cpp">
      <Filter>Source Files</Filter>
    </ClCompile>
    <ClCompile Include="..\..\ocean\cpp\Qint.cpp">
      <Filter>Source Files</Filter>
    </ClCompile>
    <ClCompile Include="..\..\ocean\cpp\Qops.cpp">
      <Filter>Source Files</Filter>
    </ClCompile>
    <ClCompile Include="..\..\ocean\cpp\Qvar.cpp">
      <Filter>Source Files</Filter>
    </ClCompile>
    <ClCompile Include="..\..\ocean\cpp\Logger.cpp">
      <Filter>Source Files</Filter>
    </ClCompile>
    <ClCompile Include="..\..\ocean\cpp\Qoperand.cpp">
      <Filter>Source Files</Filter>
    </ClCompile>
  </ItemGroup>
  <ItemGroup>
    <Filter Include="Source Files">
      <UniqueIdentifier>{f6177d20-827b-4b6d-8554-b295bfd857ae}</UniqueIdentifier>
    </Filter>
    <Filter Include="Include Files">
      <UniqueIdentifier>{0dcca3c0-949e-4961-89ee-b24ad6a0efb1}</UniqueIdentifier>
    </Filter>
  </ItemGroup>
  <ItemGroup>
    <ClInclude Include="..\..\ocean\cpp\include\Qubo.h">
      <Filter>Include Files</Filter>
    </ClInclude>
    <ClInclude Include="..\..\ocean\cpp\include\Factory.h">
      <Filter>Include Files</Filter>
    </ClInclude>
    <ClInclude Include="..\..\ocean\cpp\include\BQM.h">
      <Filter>Include Files</Filter>
    </ClInclude>
    <ClInclude Include="..\..\ocean\cpp\include\Qdef.h">
      <Filter>Include Files</Filter>
    </ClInclude>
    <ClInclude Include="..\..\ocean\cpp\include\Qequation.h">
      <Filter>Include Files</Filter>
    </ClInclude>
    <ClInclude Include="..\..\ocean\cpp\include\Qexpression.h">
      <Filter>Include Files</Filter>
    </ClInclude>
    <ClInclude Include="..\..\ocean\cpp\include\Qint.h">
      <Filter>Include Files</Filter>
    </ClInclude>
    <ClInclude Include="..\..\ocean\cpp\include\Qops.h">
      <Filter>Include Files</Filter>
    </ClInclude>
    <ClInclude Include="..\..\ocean\cpp\include\Qvar.h">
      <Filter>Include Files</Filter>
    </ClInclude>
    <ClInclude Include="..\..\ocean\cpp\include\Utility.h">
      <Filter>Include Files</Filter>
    </ClInclude>
    <ClInclude Include="..\..\ocean\cpp\include\Logger.h">
      <Filter>Include Files</Filter>
    </ClInclude>
    <ClInclude Include="..\..\ocean\cpp\include\Qoperand.h">
      <Filter>Include Files</Filter>
    </ClInclude>
  </ItemGroup>
</Project>