Microsoft Visual Studio Solution File, Format Version 12.00
# Visual Studio 15
Project("{8BC9CEB8-8B4A-11D0-8D11-00A0C91BC942}") = "ALL_BUILD", "ALL_BUILD.vcxproj", "{01B568BD-9F5A-3CC9-B099-D7D2A877A73E}"
	ProjectSection(ProjectDependencies) = postProject
		{54DB9293-2B92-34D4-83A8-A0FFEA76AB97} = {54DB9293-2B92-34D4-83A8-A0FFEA76AB97}
	EndProjectSection
EndProject
Project("{8BC9CEB8-8B4A-11D0-8D11-00A0C91BC942}") = "ZERO_CHECK", "..\\ZERO_CHECK.vcxproj", "{54DB9293-2B92-34D4-83A8-A0FFEA76AB97}"
	ProjectSection(ProjectDependencies) = postProject
	EndProjectSection
EndProject
Global
	GlobalSection(SolutionConfigurationPlatforms) = preSolution
		Debug|x64 = Debug|x64
		Release|x64 = Release|x64
		MinSizeRel|x64 = MinSizeRel|x64
		RelWithDebInfo|x64 = RelWithDebInfo|x64
	EndGlobalSection
	GlobalSection(ProjectConfigurationPlatforms) = postSolution
		{01B568BD-9F5A-3CC9-B099-D7D2A877A73E}.Debug|x64.ActiveCfg = Debug|x64
		{01B568BD-9F5A-3CC9-B099-D7D2A877A73E}.Release|x64.ActiveCfg = Release|x64
		{01B568BD-9F5A-3CC9-B099-D7D2A877A73E}.MinSizeRel|x64.ActiveCfg = MinSizeRel|x64
		{01B568BD-9F5A-3CC9-B099-D7D2A877A73E}.RelWithDebInfo|x64.ActiveCfg = RelWithDebInfo|x64
		{54DB9293-2B92-34D4-83A8-A0FFEA76AB97}.Debug|x64.ActiveCfg = Debug|x64
		{54DB9293-2B92-34D4-83A8-A0FFEA76AB97}.Debug|x64.Build.0 = Debug|x64
		{54DB9293-2B92-34D4-83A8-A0FFEA76AB97}.Release|x64.ActiveCfg = Release|x64
		{54DB9293-2B92-34D4-83A8-A0FFEA76AB97}.Release|x64.Build.0 = Release|x64
		{54DB9293-2B92-34D4-83A8-A0FFEA76AB97}.MinSizeRel|x64.ActiveCfg = MinSizeRel|x64
		{54DB9293-2B92-34D4-83A8-A0FFEA76AB97}.MinSizeRel|x64.Build.0 = MinSizeRel|x64
		{54DB9293-2B92-34D4-83A8-A0FFEA76AB97}.RelWithDebInfo|x64.ActiveCfg = RelWithDebInfo|x64
		{54DB9293-2B92-34D4-83A8-A0FFEA76AB97}.RelWithDebInfo|x64.Build.0 = RelWithDebInfo|x64
	EndGlobalSection
	GlobalSection(ExtensibilityGlobals) = postSolution
		SolutionGuid = {1F36F772-B0A7-399F-95D2-46FB7E37003B}
	EndGlobalSection
	GlobalSection(ExtensibilityAddIns) = postSolution
	EndGlobalSection
EndGlobal
