<?xml version="1.0" encoding="utf-8"?>
<Project ToolsVersion="4.0" xmlns="http://schemas.microsoft.com/developer/msbuild/2003">
  <ItemGroup>
    <Filter Include="Source Files">
      <UniqueIdentifier>{4FC737F1-C7A5-4376-A066-2A32D752A2FF}</UniqueIdentifier>
      <Extensions>cpp;c;cc;cxx;c++;cppm;ixx;def;odl;idl;hpj;bat;asm;asmx</Extensions>
    </Filter>
    <Filter Include="Header Files">
      <UniqueIdentifier>{93995380-89BD-4b04-88EB-625FBE52EBFB}</UniqueIdentifier>
      <Extensions>h;hh;hpp;hxx;h++;hm;inl;inc;ipp;xsd</Extensions>
    </Filter>
    <Filter Include="Resource Files">
      <UniqueIdentifier>{67DA6AB6-F800-4c08-8B7A-83BB121AAD01}</UniqueIdentifier>
      <Extensions>rc;ico;cur;bmp;dlg;rc2;rct;bin;rgs;gif;jpg;jpeg;jpe;resx;tiff;tif;png;wav;mfcribbon-ms</Extensions>
    </Filter>
  </ItemGroup>
  <ItemGroup>
    <ClCompile Include="d5o_test.cpp">
      <Filter>Source Files</Filter>
    </ClCompile>
    <ClCompile Include="source\Qbit.cpp">
      <Filter>Source Files</Filter>
    </ClCompile>
    <ClCompile Include="source\Qubo.cpp">
      <Filter>Source Files</Filter>
    </ClCompile>
    <ClCompile Include="source\Global.cpp">
      <Filter>Source Files</Filter>
    </ClCompile>
    <ClCompile Include="source\Logger.cpp">
      <Filter>Source Files</Filter>
    </ClCompile>
    <ClCompile Include="source\Qsolver.cpp">
      <Filter>Source Files</Filter>
    </ClCompile>
    <ClCompile Include="source\Qop.cpp">
      <Filter>Source Files</Filter>
    </ClCompile>
    <ClCompile Include="source\Qbool.cpp">
      <Filter>Source Files</Filter>
    </ClCompile>
    <ClCompile Include="source\Qbinary.cpp">
      <Filter>Source Files</Filter>
    </ClCompile>
    <ClCompile Include="source\Qwhole.cpp">
      <Filter>Source Files</Filter>
    </ClCompile>
  </ItemGroup>
  <ItemGroup>
    <ClInclude Include="include\Qtype.h">
      <Filter>Header Files</Filter>
    </ClInclude>
    <ClInclude Include="include\Qdef.h">
      <Filter>Header Files</Filter>
    </ClInclude>
    <ClInclude Include="include\Qwhole.h">
      <Filter>Header Files</Filter>
    </ClInclude>
    <ClInclude Include="include\Qbin.h">
      <Filter>Header Files</Filter>
    </ClInclude>
    <ClInclude Include="include\Qbit.h">
      <Filter>Header Files</Filter>
    </ClInclude>
    <ClInclude Include="include\Qexpr.h">
      <Filter>Header Files</Filter>
    </ClInclude>
    <ClInclude Include="include\Qop.h">
      <Filter>Header Files</Filter>
    </ClInclude>
    <ClInclude Include="include\Qubo.h">
      <Filter>Header Files</Filter>
    </ClInclude>
    <ClInclude Include="include\Factory.h">
      <Filter>Header Files</Filter>
    </ClInclude>
    <ClInclude Include="include\Logger.h">
      <Filter>Header Files</Filter>
    </ClInclude>
    <ClInclude Include="include\Qsolver.h">
      <Filter>Header Files</Filter>
    </ClInclude>
    <ClInclude Include="include\Utility.h">
      <Filter>Header Files</Filter>
    </ClInclude>
    <ClInclude Include="include\Qbool.h">
      <Filter>Header Files</Filter>
    </ClInclude>
    <ClInclude Include="include\Qbinary.h">
      <Filter>Header Files</Filter>
    </ClInclude>
  </ItemGroup>
</Project>